
Microsoft Visual Studio Solution File, Format Version 11.00
# Visual Studio 2010
Project("{FAE04EC0-301F-11D3-BF4B-00C04F79EFBC}") = "UnitTest", "UnitTest\UnitTest.csproj", "{D7B25947-3DD3-40F7-8A74-7609AB296768}"
EndProject
Project("{FAE04EC0-301F-11D3-BF4B-00C04F79EFBC}") = "IntegrationTest", "IntegrationTest\IntegrationTest.csproj", "{7028D94B-3212-487C-B2C1-9F8787340E94}"
EndProject
Project("{FAE04EC0-301F-11D3-BF4B-00C04F79EFBC}") = "AcceptanceTest", "AcceptanceTest\AcceptanceTest.csproj", "{021D6774-2FEF-4BFB-A740-D2B286A8189B}"
EndProject
Project("{2150E333-8FDC-42A3-9474-1A3956D46DE8}") = "Test", "Test", "{B441A40B-BCF2-4F6F-9153-9799C9589603}"
EndProject
Project("{FAE04EC0-301F-11D3-BF4B-00C04F79EFBC}") = "TestHelpers", "TestHelpers\TestHelpers.csproj", "{37B87A0D-D03B-4B28-B5D1-518CC49F4208}"
EndProject
Project("{FAE04EC0-301F-11D3-BF4B-00C04F79EFBC}") = "Core", "Core\Core.csproj", "{556B75A8-3086-4FFE-88B6-6E70B988DE68}"
EndProject
Project("{FAE04EC0-301F-11D3-BF4B-00C04F79EFBC}") = "AccountingMachine", "AccountingMachine\AccountingMachine.csproj", "{47B77810-19BC-4795-A08C-F140538CD2C5}"
EndProject
Project("{FAE04EC0-301F-11D3-BF4B-00C04F79EFBC}") = "ConsoleDemonstration", "ConsoleDemonstration\ConsoleDemonstration.csproj", "{8DB210B9-924E-4234-A1A2-5F12E284A105}"
EndProject
Project("{FAE04EC0-301F-11D3-BF4B-00C04F79EFBC}") = "CallServices", "CallServices\CallServices.csproj", "{997F0E05-4360-4DA1-934A-04376AC0324E}"
EndProject
Project("{FAE04EC0-301F-11D3-BF4B-00C04F79EFBC}") = "SubscriptionServices", "SubscriptionServices\SubscriptionServices.csproj", "{C5FAA489-1655-4DC4-9F94-BB4F03983CA3}"
EndProject
Global
	GlobalSection(SolutionConfigurationPlatforms) = preSolution
		Debug|Any CPU = Debug|Any CPU
		Debug|Mixed Platforms = Debug|Mixed Platforms
		Debug|x86 = Debug|x86
		Release|Any CPU = Release|Any CPU
		Release|Mixed Platforms = Release|Mixed Platforms
		Release|x86 = Release|x86
	EndGlobalSection
	GlobalSection(ProjectConfigurationPlatforms) = postSolution
		{D7B25947-3DD3-40F7-8A74-7609AB296768}.Debug|Any CPU.ActiveCfg = Debug|Any CPU
		{D7B25947-3DD3-40F7-8A74-7609AB296768}.Debug|Any CPU.Build.0 = Debug|Any CPU
		{D7B25947-3DD3-40F7-8A74-7609AB296768}.Debug|Mixed Platforms.ActiveCfg = Debug|Any CPU
		{D7B25947-3DD3-40F7-8A74-7609AB296768}.Debug|Mixed Platforms.Build.0 = Debug|Any CPU
		{D7B25947-3DD3-40F7-8A74-7609AB296768}.Debug|x86.ActiveCfg = Debug|Any CPU
		{D7B25947-3DD3-40F7-8A74-7609AB296768}.Debug|x86.Build.0 = Debug|Any CPU
		{D7B25947-3DD3-40F7-8A74-7609AB296768}.Release|Any CPU.ActiveCfg = Release|Any CPU
		{D7B25947-3DD3-40F7-8A74-7609AB296768}.Release|Any CPU.Build.0 = Release|Any CPU
		{D7B25947-3DD3-40F7-8A74-7609AB296768}.Release|Mixed Platforms.ActiveCfg = Release|Any CPU
		{D7B25947-3DD3-40F7-8A74-7609AB296768}.Release|Mixed Platforms.Build.0 = Release|Any CPU
		{D7B25947-3DD3-40F7-8A74-7609AB296768}.Release|x86.ActiveCfg = Release|Any CPU
		{D7B25947-3DD3-40F7-8A74-7609AB296768}.Release|x86.Build.0 = Release|Any CPU
		{7028D94B-3212-487C-B2C1-9F8787340E94}.Debug|Any CPU.ActiveCfg = Debug|Any CPU
		{7028D94B-3212-487C-B2C1-9F8787340E94}.Debug|Any CPU.Build.0 = Debug|Any CPU
		{7028D94B-3212-487C-B2C1-9F8787340E94}.Debug|Mixed Platforms.ActiveCfg = Debug|Any CPU
		{7028D94B-3212-487C-B2C1-9F8787340E94}.Debug|Mixed Platforms.Build.0 = Debug|Any CPU
		{7028D94B-3212-487C-B2C1-9F8787340E94}.Debug|x86.ActiveCfg = Debug|Any CPU
		{7028D94B-3212-487C-B2C1-9F8787340E94}.Debug|x86.Build.0 = Debug|Any CPU
		{7028D94B-3212-487C-B2C1-9F8787340E94}.Release|Any CPU.ActiveCfg = Release|Any CPU
		{7028D94B-3212-487C-B2C1-9F8787340E94}.Release|Any CPU.Build.0 = Release|Any CPU
		{7028D94B-3212-487C-B2C1-9F8787340E94}.Release|Mixed Platforms.ActiveCfg = Release|Any CPU
		{7028D94B-3212-487C-B2C1-9F8787340E94}.Release|Mixed Platforms.Build.0 = Release|Any CPU
		{7028D94B-3212-487C-B2C1-9F8787340E94}.Release|x86.ActiveCfg = Release|Any CPU
		{7028D94B-3212-487C-B2C1-9F8787340E94}.Release|x86.Build.0 = Release|Any CPU
		{021D6774-2FEF-4BFB-A740-D2B286A8189B}.Debug|Any CPU.ActiveCfg = Debug|Any CPU
		{021D6774-2FEF-4BFB-A740-D2B286A8189B}.Debug|Any CPU.Build.0 = Debug|Any CPU
		{021D6774-2FEF-4BFB-A740-D2B286A8189B}.Debug|Mixed Platforms.ActiveCfg = Debug|Any CPU
		{021D6774-2FEF-4BFB-A740-D2B286A8189B}.Debug|Mixed Platforms.Build.0 = Debug|Any CPU
		{021D6774-2FEF-4BFB-A740-D2B286A8189B}.Debug|x86.ActiveCfg = Debug|Any CPU
		{021D6774-2FEF-4BFB-A740-D2B286A8189B}.Debug|x86.Build.0 = Debug|Any CPU
		{021D6774-2FEF-4BFB-A740-D2B286A8189B}.Release|Any CPU.ActiveCfg = Release|Any CPU
		{021D6774-2FEF-4BFB-A740-D2B286A8189B}.Release|Any CPU.Build.0 = Release|Any CPU
		{021D6774-2FEF-4BFB-A740-D2B286A8189B}.Release|Mixed Platforms.ActiveCfg = Release|Any CPU
		{021D6774-2FEF-4BFB-A740-D2B286A8189B}.Release|Mixed Platforms.Build.0 = Release|Any CPU
		{021D6774-2FEF-4BFB-A740-D2B286A8189B}.Release|x86.ActiveCfg = Release|Any CPU
		{021D6774-2FEF-4BFB-A740-D2B286A8189B}.Release|x86.Build.0 = Release|Any CPU
		{37B87A0D-D03B-4B28-B5D1-518CC49F4208}.Debug|Any CPU.ActiveCfg = Debug|Any CPU
		{37B87A0D-D03B-4B28-B5D1-518CC49F4208}.Debug|Any CPU.Build.0 = Debug|Any CPU
		{37B87A0D-D03B-4B28-B5D1-518CC49F4208}.Debug|Mixed Platforms.ActiveCfg = Debug|Any CPU
		{37B87A0D-D03B-4B28-B5D1-518CC49F4208}.Debug|Mixed Platforms.Build.0 = Debug|Any CPU
		{37B87A0D-D03B-4B28-B5D1-518CC49F4208}.Debug|x86.ActiveCfg = Debug|Any CPU
		{37B87A0D-D03B-4B28-B5D1-518CC49F4208}.Debug|x86.Build.0 = Debug|Any CPU
		{37B87A0D-D03B-4B28-B5D1-518CC49F4208}.Release|Any CPU.ActiveCfg = Release|Any CPU
		{37B87A0D-D03B-4B28-B5D1-518CC49F4208}.Release|Any CPU.Build.0 = Release|Any CPU
		{37B87A0D-D03B-4B28-B5D1-518CC49F4208}.Release|Mixed Platforms.ActiveCfg = Release|Any CPU
		{37B87A0D-D03B-4B28-B5D1-518CC49F4208}.Release|Mixed Platforms.Build.0 = Release|Any CPU
		{37B87A0D-D03B-4B28-B5D1-518CC49F4208}.Release|x86.ActiveCfg = Release|Any CPU
		{37B87A0D-D03B-4B28-B5D1-518CC49F4208}.Release|x86.Build.0 = Release|Any CPU
		{556B75A8-3086-4FFE-88B6-6E70B988DE68}.Debug|Any CPU.ActiveCfg = Debug|Any CPU
		{556B75A8-3086-4FFE-88B6-6E70B988DE68}.Debug|Any CPU.Build.0 = Debug|Any CPU
		{556B75A8-3086-4FFE-88B6-6E70B988DE68}.Debug|Mixed Platforms.ActiveCfg = Debug|Any CPU
		{556B75A8-3086-4FFE-88B6-6E70B988DE68}.Debug|Mixed Platforms.Build.0 = Debug|Any CPU
		{556B75A8-3086-4FFE-88B6-6E70B988DE68}.Debug|x86.ActiveCfg = Debug|Any CPU
		{556B75A8-3086-4FFE-88B6-6E70B988DE68}.Debug|x86.Build.0 = Debug|Any CPU
		{556B75A8-3086-4FFE-88B6-6E70B988DE68}.Release|Any CPU.ActiveCfg = Release|Any CPU
		{556B75A8-3086-4FFE-88B6-6E70B988DE68}.Release|Any CPU.Build.0 = Release|Any CPU
		{556B75A8-3086-4FFE-88B6-6E70B988DE68}.Release|Mixed Platforms.ActiveCfg = Release|Any CPU
		{556B75A8-3086-4FFE-88B6-6E70B988DE68}.Release|Mixed Platforms.Build.0 = Release|Any CPU
		{556B75A8-3086-4FFE-88B6-6E70B988DE68}.Release|x86.ActiveCfg = Release|Any CPU
		{556B75A8-3086-4FFE-88B6-6E70B988DE68}.Release|x86.Build.0 = Release|Any CPU
		{47B77810-19BC-4795-A08C-F140538CD2C5}.Debug|Any CPU.ActiveCfg = Debug|Any CPU
		{47B77810-19BC-4795-A08C-F140538CD2C5}.Debug|Any CPU.Build.0 = Debug|Any CPU
		{47B77810-19BC-4795-A08C-F140538CD2C5}.Debug|Mixed Platforms.ActiveCfg = Debug|Any CPU
		{47B77810-19BC-4795-A08C-F140538CD2C5}.Debug|Mixed Platforms.Build.0 = Debug|Any CPU
		{47B77810-19BC-4795-A08C-F140538CD2C5}.Debug|x86.ActiveCfg = Debug|Any CPU
		{47B77810-19BC-4795-A08C-F140538CD2C5}.Debug|x86.Build.0 = Debug|Any CPU
		{47B77810-19BC-4795-A08C-F140538CD2C5}.Release|Any CPU.ActiveCfg = Release|Any CPU
		{47B77810-19BC-4795-A08C-F140538CD2C5}.Release|Any CPU.Build.0 = Release|Any CPU
		{47B77810-19BC-4795-A08C-F140538CD2C5}.Release|Mixed Platforms.ActiveCfg = Release|Any CPU
		{47B77810-19BC-4795-A08C-F140538CD2C5}.Release|Mixed Platforms.Build.0 = Release|Any CPU
		{47B77810-19BC-4795-A08C-F140538CD2C5}.Release|x86.ActiveCfg = Release|Any CPU
		{47B77810-19BC-4795-A08C-F140538CD2C5}.Release|x86.Build.0 = Release|Any CPU
		{8DB210B9-924E-4234-A1A2-5F12E284A105}.Debug|Any CPU.ActiveCfg = Debug|x86
		{8DB210B9-924E-4234-A1A2-5F12E284A105}.Debug|Any CPU.Build.0 = Debug|x86
		{8DB210B9-924E-4234-A1A2-5F12E284A105}.Debug|Mixed Platforms.ActiveCfg = Debug|x86
		{8DB210B9-924E-4234-A1A2-5F12E284A105}.Debug|Mixed Platforms.Build.0 = Debug|x86
		{8DB210B9-924E-4234-A1A2-5F12E284A105}.Debug|x86.ActiveCfg = Debug|x86
		{8DB210B9-924E-4234-A1A2-5F12E284A105}.Debug|x86.Build.0 = Debug|x86
		{8DB210B9-924E-4234-A1A2-5F12E284A105}.Release|Any CPU.ActiveCfg = Release|x86
		{8DB210B9-924E-4234-A1A2-5F12E284A105}.Release|Mixed Platforms.ActiveCfg = Release|x86
		{8DB210B9-924E-4234-A1A2-5F12E284A105}.Release|Mixed Platforms.Build.0 = Release|x86
		{8DB210B9-924E-4234-A1A2-5F12E284A105}.Release|x86.ActiveCfg = Release|x86
		{8DB210B9-924E-4234-A1A2-5F12E284A105}.Release|x86.Build.0 = Release|x86
		{997F0E05-4360-4DA1-934A-04376AC0324E}.Debug|Any CPU.ActiveCfg = Debug|Any CPU
		{997F0E05-4360-4DA1-934A-04376AC0324E}.Debug|Any CPU.Build.0 = Debug|Any CPU
		{997F0E05-4360-4DA1-934A-04376AC0324E}.Debug|Mixed Platforms.ActiveCfg = Debug|Any CPU
		{997F0E05-4360-4DA1-934A-04376AC0324E}.Debug|Mixed Platforms.Build.0 = Debug|Any CPU
		{997F0E05-4360-4DA1-934A-04376AC0324E}.Debug|x86.ActiveCfg = Debug|Any CPU
		{997F0E05-4360-4DA1-934A-04376AC0324E}.Release|Any CPU.ActiveCfg = Release|Any CPU
		{997F0E05-4360-4DA1-934A-04376AC0324E}.Release|Any CPU.Build.0 = Release|Any CPU
		{997F0E05-4360-4DA1-934A-04376AC0324E}.Release|Mixed Platforms.ActiveCfg = Release|Any CPU
		{997F0E05-4360-4DA1-934A-04376AC0324E}.Release|Mixed Platforms.Build.0 = Release|Any CPU
		{997F0E05-4360-4DA1-934A-04376AC0324E}.Release|x86.ActiveCfg = Release|Any CPU
		{C5FAA489-1655-4DC4-9F94-BB4F03983CA3}.Debug|Any CPU.ActiveCfg = Debug|Any CPU
		{C5FAA489-1655-4DC4-9F94-BB4F03983CA3}.Debug|Any CPU.Build.0 = Debug|Any CPU
		{C5FAA489-1655-4DC4-9F94-BB4F03983CA3}.Debug|Mixed Platforms.ActiveCfg = Debug|Any CPU
		{C5FAA489-1655-4DC4-9F94-BB4F03983CA3}.Debug|Mixed Platforms.Build.0 = Debug|Any CPU
		{C5FAA489-1655-4DC4-9F94-BB4F03983CA3}.Debug|x86.ActiveCfg = Debug|Any CPU
		{C5FAA489-1655-4DC4-9F94-BB4F03983CA3}.Release|Any CPU.ActiveCfg = Release|Any CPU
		{C5FAA489-1655-4DC4-9F94-BB4F03983CA3}.Release|Any CPU.Build.0 = Release|Any CPU
		{C5FAA489-1655-4DC4-9F94-BB4F03983CA3}.Release|Mixed Platforms.ActiveCfg = Release|Any CPU
		{C5FAA489-1655-4DC4-9F94-BB4F03983CA3}.Release|Mixed Platforms.Build.0 = Release|Any CPU
		{C5FAA489-1655-4DC4-9F94-BB4F03983CA3}.Release|x86.ActiveCfg = Release|Any CPU
	EndGlobalSection
	GlobalSection(SolutionProperties) = preSolution
		HideSolutionNode = FALSE
	EndGlobalSection
	GlobalSection(NestedProjects) = preSolution
		{7028D94B-3212-487C-B2C1-9F8787340E94} = {B441A40B-BCF2-4F6F-9153-9799C9589603}
		{021D6774-2FEF-4BFB-A740-D2B286A8189B} = {B441A40B-BCF2-4F6F-9153-9799C9589603}
		{D7B25947-3DD3-40F7-8A74-7609AB296768} = {B441A40B-BCF2-4F6F-9153-9799C9589603}
		{37B87A0D-D03B-4B28-B5D1-518CC49F4208} = {B441A40B-BCF2-4F6F-9153-9799C9589603}
	EndGlobalSection
EndGlobal
