
Microsoft Visual Studio Solution File, Format Version 11.00
# Visual Studio 2010
Project("{FAE04EC0-301F-11D3-BF4B-00C04F79EFBC}") = "PhoneSubscriptionCalculator", "PhoneSubscriptionCalculator\PhoneSubscriptionCalculator.csproj", "{7E7B0211-610A-4C0E-9FCC-DAAD2E614FE9}"
EndProject
Project("{FAE04EC0-301F-11D3-BF4B-00C04F79EFBC}") = "UnitTest", "UnitTest\UnitTest.csproj", "{D7B25947-3DD3-40F7-8A74-7609AB296768}"
EndProject
Project("{FAE04EC0-301F-11D3-BF4B-00C04F79EFBC}") = "IntegrationTest", "IntegrationTest\IntegrationTest.csproj", "{7028D94B-3212-487C-B2C1-9F8787340E94}"
EndProject
Project("{FAE04EC0-301F-11D3-BF4B-00C04F79EFBC}") = "AcceptanceTest", "AcceptanceTest\AcceptanceTest.csproj", "{021D6774-2FEF-4BFB-A740-D2B286A8189B}"
EndProject
Project("{2150E333-8FDC-42A3-9474-1A3956D46DE8}") = "Test", "Test", "{B441A40B-BCF2-4F6F-9153-9799C9589603}"
EndProject
Global
	GlobalSection(SolutionConfigurationPlatforms) = preSolution
		Debug|Any CPU = Debug|Any CPU
		Release|Any CPU = Release|Any CPU
	EndGlobalSection
	GlobalSection(ProjectConfigurationPlatforms) = postSolution
		{7E7B0211-610A-4C0E-9FCC-DAAD2E614FE9}.Debug|Any CPU.ActiveCfg = Debug|Any CPU
		{7E7B0211-610A-4C0E-9FCC-DAAD2E614FE9}.Debug|Any CPU.Build.0 = Debug|Any CPU
		{7E7B0211-610A-4C0E-9FCC-DAAD2E614FE9}.Release|Any CPU.ActiveCfg = Release|Any CPU
		{7E7B0211-610A-4C0E-9FCC-DAAD2E614FE9}.Release|Any CPU.Build.0 = Release|Any CPU
		{D7B25947-3DD3-40F7-8A74-7609AB296768}.Debug|Any CPU.ActiveCfg = Debug|Any CPU
		{D7B25947-3DD3-40F7-8A74-7609AB296768}.Debug|Any CPU.Build.0 = Debug|Any CPU
		{D7B25947-3DD3-40F7-8A74-7609AB296768}.Release|Any CPU.ActiveCfg = Release|Any CPU
		{D7B25947-3DD3-40F7-8A74-7609AB296768}.Release|Any CPU.Build.0 = Release|Any CPU
		{7028D94B-3212-487C-B2C1-9F8787340E94}.Debug|Any CPU.ActiveCfg = Debug|Any CPU
		{7028D94B-3212-487C-B2C1-9F8787340E94}.Debug|Any CPU.Build.0 = Debug|Any CPU
		{7028D94B-3212-487C-B2C1-9F8787340E94}.Release|Any CPU.ActiveCfg = Release|Any CPU
		{7028D94B-3212-487C-B2C1-9F8787340E94}.Release|Any CPU.Build.0 = Release|Any CPU
		{021D6774-2FEF-4BFB-A740-D2B286A8189B}.Debug|Any CPU.ActiveCfg = Debug|Any CPU
		{021D6774-2FEF-4BFB-A740-D2B286A8189B}.Debug|Any CPU.Build.0 = Debug|Any CPU
		{021D6774-2FEF-4BFB-A740-D2B286A8189B}.Release|Any CPU.ActiveCfg = Release|Any CPU
		{021D6774-2FEF-4BFB-A740-D2B286A8189B}.Release|Any CPU.Build.0 = Release|Any CPU
	EndGlobalSection
	GlobalSection(SolutionProperties) = preSolution
		HideSolutionNode = FALSE
	EndGlobalSection
	GlobalSection(NestedProjects) = preSolution
		{7028D94B-3212-487C-B2C1-9F8787340E94} = {B441A40B-BCF2-4F6F-9153-9799C9589603}
		{021D6774-2FEF-4BFB-A740-D2B286A8189B} = {B441A40B-BCF2-4F6F-9153-9799C9589603}
		{D7B25947-3DD3-40F7-8A74-7609AB296768} = {B441A40B-BCF2-4F6F-9153-9799C9589603}
	EndGlobalSection
EndGlobal
